
Microsoft Visual Studio Solution File, Format Version 12.00
# Visual Studio 14
VisualStudioVersion = 14.0.24720.0
MinimumVisualStudioVersion = 10.0.40219.1
Project("{FAE04EC0-301F-11D3-BF4B-00C04F79EFBC}") = "Train_problem", "Train_problem\Train_problem.csproj", "{AB258FB9-5355-4EC0-8957-3C4DBEC24A9C}"
EndProject
Global
	GlobalSection(SolutionConfigurationPlatforms) = preSolution
		Debug|Any CPU = Debug|Any CPU
		Release|Any CPU = Release|Any CPU
	EndGlobalSection
	GlobalSection(ProjectConfigurationPlatforms) = postSolution
		{AB258FB9-5355-4EC0-8957-3C4DBEC24A9C}.Debug|Any CPU.ActiveCfg = Debug|Any CPU
		{AB258FB9-5355-4EC0-8957-3C4DBEC24A9C}.Debug|Any CPU.Build.0 = Debug|Any CPU
		{AB258FB9-5355-4EC0-8957-3C4DBEC24A9C}.Release|Any CPU.ActiveCfg = Release|Any CPU
		{AB258FB9-5355-4EC0-8957-3C4DBEC24A9C}.Release|Any CPU.Build.0 = Release|Any CPU
	EndGlobalSection
	GlobalSection(SolutionProperties) = preSolution
		HideSolutionNode = FALSE
	EndGlobalSection
EndGlobal
