
Microsoft Visual Studio Solution File, Format Version 12.00
# Visual Studio 14
VisualStudioVersion = 14.0.24720.0
MinimumVisualStudioVersion = 10.0.40219.1
Project("{FAE04EC0-301F-11D3-BF4B-00C04F79EFBC}") = "Ciuperci", "Ciuperci\Ciuperci.csproj", "{30B29584-7EEE-4A57-B67B-D59E13F70362}"
EndProject
Global
	GlobalSection(SolutionConfigurationPlatforms) = preSolution
		Debug|Any CPU = Debug|Any CPU
		Release|Any CPU = Release|Any CPU
	EndGlobalSection
	GlobalSection(ProjectConfigurationPlatforms) = postSolution
		{30B29584-7EEE-4A57-B67B-D59E13F70362}.Debug|Any CPU.ActiveCfg = Debug|Any CPU
		{30B29584-7EEE-4A57-B67B-D59E13F70362}.Debug|Any CPU.Build.0 = Debug|Any CPU
		{30B29584-7EEE-4A57-B67B-D59E13F70362}.Release|Any CPU.ActiveCfg = Release|Any CPU
		{30B29584-7EEE-4A57-B67B-D59E13F70362}.Release|Any CPU.Build.0 = Release|Any CPU
	EndGlobalSection
	GlobalSection(SolutionProperties) = preSolution
		HideSolutionNode = FALSE
	EndGlobalSection
EndGlobal
