
Microsoft Visual Studio Solution File, Format Version 12.00
# Visual Studio 14
VisualStudioVersion = 14.0.24720.0
MinimumVisualStudioVersion = 10.0.40219.1
Project("{FAE04EC0-301F-11D3-BF4B-00C04F79EFBC}") = "number_of_days_for_meetingfriendagain", "number_of_days_for_meetingfriendagain\number_of_days_for_meetingfriendagain.csproj", "{685BDCA4-5C29-4E18-9028-B1525D0AF7D9}"
EndProject
Global
	GlobalSection(SolutionConfigurationPlatforms) = preSolution
		Debug|Any CPU = Debug|Any CPU
		Release|Any CPU = Release|Any CPU
	EndGlobalSection
	GlobalSection(ProjectConfigurationPlatforms) = postSolution
		{685BDCA4-5C29-4E18-9028-B1525D0AF7D9}.Debug|Any CPU.ActiveCfg = Debug|Any CPU
		{685BDCA4-5C29-4E18-9028-B1525D0AF7D9}.Debug|Any CPU.Build.0 = Debug|Any CPU
		{685BDCA4-5C29-4E18-9028-B1525D0AF7D9}.Release|Any CPU.ActiveCfg = Release|Any CPU
		{685BDCA4-5C29-4E18-9028-B1525D0AF7D9}.Release|Any CPU.Build.0 = Release|Any CPU
	EndGlobalSection
	GlobalSection(SolutionProperties) = preSolution
		HideSolutionNode = FALSE
	EndGlobalSection
EndGlobal
